
Microsoft Visual Studio Solution File, Format Version 12.00
# Visual Studio Version 17
VisualStudioVersion = 17.5.33103.201
MinimumVisualStudioVersion = 10.0.40219.1
Project("{FAE04EC0-301F-11D3-BF4B-00C04F79EFBC}") = "testfilewrite", "testfilewrite\testfilewrite.csproj", "{8C86A451-039E-425C-A18C-0674C0395BFA}"
EndProject
Project("{FAE04EC0-301F-11D3-BF4B-00C04F79EFBC}") = "benchmark", "benchmark\benchmark.csproj", "{181DE4C4-A693-4086-B1F6-A2FB74A8D39D}"
EndProject
Global
	GlobalSection(SolutionConfigurationPlatforms) = preSolution
		Debug|Any CPU = Debug|Any CPU
		Release|Any CPU = Release|Any CPU
	EndGlobalSection
	GlobalSection(ProjectConfigurationPlatforms) = postSolution
		{8C86A451-039E-425C-A18C-0674C0395BFA}.Debug|Any CPU.ActiveCfg = Debug|Any CPU
		{8C86A451-039E-425C-A18C-0674C0395BFA}.Debug|Any CPU.Build.0 = Debug|Any CPU
		{8C86A451-039E-425C-A18C-0674C0395BFA}.Release|Any CPU.ActiveCfg = Release|Any CPU
		{8C86A451-039E-425C-A18C-0674C0395BFA}.Release|Any CPU.Build.0 = Release|Any CPU
		{181DE4C4-A693-4086-B1F6-A2FB74A8D39D}.Debug|Any CPU.ActiveCfg = Debug|Any CPU
		{181DE4C4-A693-4086-B1F6-A2FB74A8D39D}.Debug|Any CPU.Build.0 = Debug|Any CPU
		{181DE4C4-A693-4086-B1F6-A2FB74A8D39D}.Release|Any CPU.ActiveCfg = Release|Any CPU
		{181DE4C4-A693-4086-B1F6-A2FB74A8D39D}.Release|Any CPU.Build.0 = Release|Any CPU
	EndGlobalSection
	GlobalSection(SolutionProperties) = preSolution
		HideSolutionNode = FALSE
	EndGlobalSection
	GlobalSection(ExtensibilityGlobals) = postSolution
		SolutionGuid = {62E500D7-BE98-4613-8F88-486E7C0131D0}
	EndGlobalSection
EndGlobal
